
Microsoft Visual Studio Solution File, Format Version 12.00
# Visual Studio Version 17
VisualStudioVersion = 17.12.35527.113
MinimumVisualStudioVersion = 10.0.40219.1
Project("{FAE04EC0-301F-11D3-BF4B-00C04F79EFBC}") = "ServiceStarter_v1", "ServiceStarter_v1\ServiceStarter_v1.csproj", "{B408E7B0-51CE-4831-804C-DA84D479362F}"
EndProject
Project("{FAE04EC0-301F-11D3-BF4B-00C04F79EFBC}") = "ServiceStarterDataModel", "..\OwnLibrarys\2026-03-16_ServiceStarterDataModel\ServiceStarterDataModel\ServiceStarterDataModel.csproj", "{32BC1CBF-2FCC-4D97-A2A2-C9BEE2B8EB11}"
EndProject
Global
	GlobalSection(SolutionConfigurationPlatforms) = preSolution
		Debug|Any CPU = Debug|Any CPU
		Release|Any CPU = Release|Any CPU
	EndGlobalSection
	GlobalSection(ProjectConfigurationPlatforms) = postSolution
		{B408E7B0-51CE-4831-804C-DA84D479362F}.Debug|Any CPU.ActiveCfg = Debug|Any CPU
		{B408E7B0-51CE-4831-804C-DA84D479362F}.Debug|Any CPU.Build.0 = Debug|Any CPU
		{B408E7B0-51CE-4831-804C-DA84D479362F}.Release|Any CPU.ActiveCfg = Release|Any CPU
		{B408E7B0-51CE-4831-804C-DA84D479362F}.Release|Any CPU.Build.0 = Release|Any CPU
		{32BC1CBF-2FCC-4D97-A2A2-C9BEE2B8EB11}.Debug|Any CPU.ActiveCfg = Debug|Any CPU
		{32BC1CBF-2FCC-4D97-A2A2-C9BEE2B8EB11}.Debug|Any CPU.Build.0 = Debug|Any CPU
		{32BC1CBF-2FCC-4D97-A2A2-C9BEE2B8EB11}.Release|Any CPU.ActiveCfg = Release|Any CPU
		{32BC1CBF-2FCC-4D97-A2A2-C9BEE2B8EB11}.Release|Any CPU.Build.0 = Release|Any CPU
	EndGlobalSection
	GlobalSection(SolutionProperties) = preSolution
		HideSolutionNode = FALSE
	EndGlobalSection
EndGlobal
